
Microsoft Visual Studio Solution File, Format Version 12.00
# Visual Studio Version 16
VisualStudioVersion = 16.0.30128.74
MinimumVisualStudioVersion = 10.0.40219.1
Project("{9A19103F-16F7-4668-BE54-9A1E7A4F7556}") = "Core", "Core\Core.csproj", "{B122F42C-8D56-4246-A023-206A21FEBC72}"
EndProject
Project("{9A19103F-16F7-4668-BE54-9A1E7A4F7556}") = "Data", "Data\Data.csproj", "{A47665A9-642B-4A78-944B-6F0D49019B77}"
EndProject
Project("{FAE04EC0-301F-11D3-BF4B-00C04F79EFBC}") = "WebApp", "WebApp\WebApp.csproj", "{3685E243-D373-407D-B9C6-1E3C9F50AD7C}"
EndProject
Global
	GlobalSection(SolutionConfigurationPlatforms) = preSolution
		Debug|Any CPU = Debug|Any CPU
		Release|Any CPU = Release|Any CPU
	EndGlobalSection
	GlobalSection(ProjectConfigurationPlatforms) = postSolution
		{B122F42C-8D56-4246-A023-206A21FEBC72}.Debug|Any CPU.ActiveCfg = Debug|Any CPU
		{B122F42C-8D56-4246-A023-206A21FEBC72}.Debug|Any CPU.Build.0 = Debug|Any CPU
		{B122F42C-8D56-4246-A023-206A21FEBC72}.Release|Any CPU.ActiveCfg = Release|Any CPU
		{B122F42C-8D56-4246-A023-206A21FEBC72}.Release|Any CPU.Build.0 = Release|Any CPU
		{A47665A9-642B-4A78-944B-6F0D49019B77}.Debug|Any CPU.ActiveCfg = Debug|Any CPU
		{A47665A9-642B-4A78-944B-6F0D49019B77}.Debug|Any CPU.Build.0 = Debug|Any CPU
		{A47665A9-642B-4A78-944B-6F0D49019B77}.Release|Any CPU.ActiveCfg = Release|Any CPU
		{A47665A9-642B-4A78-944B-6F0D49019B77}.Release|Any CPU.Build.0 = Release|Any CPU
		{3685E243-D373-407D-B9C6-1E3C9F50AD7C}.Debug|Any CPU.ActiveCfg = Debug|Any CPU
		{3685E243-D373-407D-B9C6-1E3C9F50AD7C}.Debug|Any CPU.Build.0 = Debug|Any CPU
		{3685E243-D373-407D-B9C6-1E3C9F50AD7C}.Release|Any CPU.ActiveCfg = Release|Any CPU
		{3685E243-D373-407D-B9C6-1E3C9F50AD7C}.Release|Any CPU.Build.0 = Release|Any CPU
	EndGlobalSection
	GlobalSection(SolutionProperties) = preSolution
		HideSolutionNode = FALSE
	EndGlobalSection
	GlobalSection(ExtensibilityGlobals) = postSolution
		SolutionGuid = {F0EAB85B-0508-4746-A640-AC4BF14D89C3}
	EndGlobalSection
EndGlobal
